
Microsoft Visual Studio Solution File, Format Version 12.00
# Visual Studio Version 17
VisualStudioVersion = 17.5.33312.197
MinimumVisualStudioVersion = 10.0.40219.1
Project("{FAE04EC0-301F-11D3-BF4B-00C04F79EFBC}") = "BlazorWebAssembly", "BlazorWebAssembly\BlazorWebAssembly.csproj", "{28D76238-4B4D-47B6-B64B-80610B616C3F}"
EndProject
Global
	GlobalSection(SolutionConfigurationPlatforms) = preSolution
		Debug|Any CPU = Debug|Any CPU
		Release|Any CPU = Release|Any CPU
	EndGlobalSection
	GlobalSection(ProjectConfigurationPlatforms) = postSolution
		{28D76238-4B4D-47B6-B64B-80610B616C3F}.Debug|Any CPU.ActiveCfg = Debug|Any CPU
		{28D76238-4B4D-47B6-B64B-80610B616C3F}.Debug|Any CPU.Build.0 = Debug|Any CPU
		{28D76238-4B4D-47B6-B64B-80610B616C3F}.Release|Any CPU.ActiveCfg = Release|Any CPU
		{28D76238-4B4D-47B6-B64B-80610B616C3F}.Release|Any CPU.Build.0 = Release|Any CPU
	EndGlobalSection
	GlobalSection(SolutionProperties) = preSolution
		HideSolutionNode = FALSE
	EndGlobalSection
	GlobalSection(ExtensibilityGlobals) = postSolution
		SolutionGuid = {9A779579-3BA3-4B4A-9978-50D18696CA68}
	EndGlobalSection
EndGlobal
